
Microsoft Visual Studio Solution File, Format Version 12.00
# Visual Studio Version 16
VisualStudioVersion = 16.0.31025.194
MinimumVisualStudioVersion = 10.0.40219.1
Project("{FAE04EC0-301F-11D3-BF4B-00C04F79EFBC}") = "SocketExtensions", "SocketExtensions\SocketExtensions.csproj", "{BFB9434B-9F1C-4ABB-95DC-14A14C413C2F}"
EndProject
Project("{FAE04EC0-301F-11D3-BF4B-00C04F79EFBC}") = "DemoProject", "DemoProject\DemoProject.csproj", "{355EEF27-FE63-4240-AA78-9783516D7D24}"
EndProject
Global
	GlobalSection(SolutionConfigurationPlatforms) = preSolution
		Debug|Any CPU = Debug|Any CPU
		Release|Any CPU = Release|Any CPU
	EndGlobalSection
	GlobalSection(ProjectConfigurationPlatforms) = postSolution
		{BFB9434B-9F1C-4ABB-95DC-14A14C413C2F}.Debug|Any CPU.ActiveCfg = Debug|Any CPU
		{BFB9434B-9F1C-4ABB-95DC-14A14C413C2F}.Debug|Any CPU.Build.0 = Debug|Any CPU
		{BFB9434B-9F1C-4ABB-95DC-14A14C413C2F}.Release|Any CPU.ActiveCfg = Release|Any CPU
		{BFB9434B-9F1C-4ABB-95DC-14A14C413C2F}.Release|Any CPU.Build.0 = Release|Any CPU
		{355EEF27-FE63-4240-AA78-9783516D7D24}.Debug|Any CPU.ActiveCfg = Debug|Any CPU
		{355EEF27-FE63-4240-AA78-9783516D7D24}.Debug|Any CPU.Build.0 = Debug|Any CPU
		{355EEF27-FE63-4240-AA78-9783516D7D24}.Release|Any CPU.ActiveCfg = Release|Any CPU
		{355EEF27-FE63-4240-AA78-9783516D7D24}.Release|Any CPU.Build.0 = Release|Any CPU
	EndGlobalSection
	GlobalSection(SolutionProperties) = preSolution
		HideSolutionNode = FALSE
	EndGlobalSection
	GlobalSection(ExtensibilityGlobals) = postSolution
		SolutionGuid = {E5817A5D-0433-46F7-A1DD-391CFE5BCC37}
	EndGlobalSection
EndGlobal
